// !$*UTF8*$!
{
	archiveVersion = 1;
	classes = {
	};
	objectVersion = 46;
	objects = {

/* Begin PBXBuildFile section */
		9F3E3BE11EA9D08900220061 /* LaunchViewController.m in Sources */ = {isa = PBXBuildFile; fileRef = 9F3E3BE01EA9D08900220061 /* LaunchViewController.m */; };
		9F3E3BE41EA9D29500220061 /* ReplaceViewController.m in Sources */ = {isa = PBXBuildFile; fileRef = 9F3E3BE31EA9D29500220061 /* ReplaceViewController.m */; };
		9F3E3BE71EA9D29D00220061 /* BlockViewController.m in Sources */ = {isa = PBXBuildFile; fileRef = 9F3E3BE61EA9D29D00220061 /* BlockViewController.m */; };
		9F3E3BEE1EA9D83300220061 /* UIActionSheet+BlockExtension.m in Sources */ = {isa = PBXBuildFile; fileRef = 9F3E3BEA1EA9D83300220061 /* UIActionSheet+BlockExtension.m */; };
		9F3E3BEF1EA9D83300220061 /* UIAlertView+BlockExtension.m in Sources */ = {isa = PBXBuildFile; fileRef = 9F3E3BED1EA9D83300220061 /* UIAlertView+BlockExtension.m */; };
		9FFBC2391D5B27BE0040B061 /* main.m in Sources */ = {isa = PBXBuildFile; fileRef = 9FFBC2381D5B27BE0040B061 /* main.m */; };
		9FFBC23C1D5B27BE0040B061 /* AppDelegate.m in Sources */ = {isa = PBXBuildFile; fileRef = 9FFBC23B1D5B27BE0040B061 /* AppDelegate.m */; };
		9FFBC23F1D5B27BE0040B061 /* ViewController.m in Sources */ = {isa = PBXBuildFile; fileRef = 9FFBC23E1D5B27BE0040B061 /* ViewController.m */; };
		9FFBC2421D5B27BE0040B061 /* Main.storyboard in Resources */ = {isa = PBXBuildFile; fileRef = 9FFBC2401D5B27BE0040B061 /* Main.storyboard */; };
		9FFBC2441D5B27BE0040B061 /* Assets.xcassets in Resources */ = {isa = PBXBuildFile; fileRef = 9FFBC2431D5B27BE0040B061 /* Assets.xcassets */; };
		9FFBC2471D5B27BE0040B061 /* LaunchScreen.storyboard in Resources */ = {isa = PBXBuildFile; fileRef = 9FFBC2451D5B27BE0040B061 /* LaunchScreen.storyboard */; };
		ED8F213520EF0749002FA729 /* libJKAlertManager.a in Frameworks */ = {isa = PBXBuildFile; fileRef = ED8F213420EF0749002FA729 /* libJKAlertManager.a */; };
/* End PBXBuildFile section */

/* Begin PBXFileReference section */
		030D2425F1312A7B94A872A6 /* Pods-JKAlertManager.release.xcconfig */ = {isa = PBXFileReference; includeInIndex = 1; lastKnownFileType = text.xcconfig; name = "Pods-JKAlertManager.release.xcconfig"; path = "Pods/Target Support Files/Pods-JKAlertManager/Pods-JKAlertManager.release.xcconfig"; sourceTree = "<group>"; };
		38CCB840160D8FF5853730D3 /* libPods-JKAlertManager.a */ = {isa = PBXFileReference; explicitFileType = archive.ar; includeInIndex = 0; path = "libPods-JKAlertManager.a"; sourceTree = BUILT_PRODUCTS_DIR; };
		6D491BBDF05D9C14A2829152 /* Pods-JKAlertManager.debug.xcconfig */ = {isa = PBXFileReference; includeInIndex = 1; lastKnownFileType = text.xcconfig; name = "Pods-JKAlertManager.debug.xcconfig"; path = "Pods/Target Support Files/Pods-JKAlertManager/Pods-JKAlertManager.debug.xcconfig"; sourceTree = "<group>"; };
		9F3E3BDF1EA9D08900220061 /* LaunchViewController.h */ = {isa = PBXFileReference; fileEncoding = 4; lastKnownFileType = sourcecode.c.h; path = LaunchViewController.h; sourceTree = "<group>"; };
		9F3E3BE01EA9D08900220061 /* LaunchViewController.m */ = {isa = PBXFileReference; fileEncoding = 4; lastKnownFileType = sourcecode.c.objc; path = LaunchViewController.m; sourceTree = "<group>"; };
		9F3E3BE21EA9D29500220061 /* ReplaceViewController.h */ = {isa = PBXFileReference; fileEncoding = 4; lastKnownFileType = sourcecode.c.h; path = ReplaceViewController.h; sourceTree = "<group>"; };
		9F3E3BE31EA9D29500220061 /* ReplaceViewController.m */ = {isa = PBXFileReference; fileEncoding = 4; lastKnownFileType = sourcecode.c.objc; path = ReplaceViewController.m; sourceTree = "<group>"; };
		9F3E3BE51EA9D29D00220061 /* BlockViewController.h */ = {isa = PBXFileReference; fileEncoding = 4; lastKnownFileType = sourcecode.c.h; path = BlockViewController.h; sourceTree = "<group>"; };
		9F3E3BE61EA9D29D00220061 /* BlockViewController.m */ = {isa = PBXFileReference; fileEncoding = 4; lastKnownFileType = sourcecode.c.objc; path = BlockViewController.m; sourceTree = "<group>"; };
		9F3E3BE91EA9D83300220061 /* UIActionSheet+BlockExtension.h */ = {isa = PBXFileReference; fileEncoding = 4; lastKnownFileType = sourcecode.c.h; path = "UIActionSheet+BlockExtension.h"; sourceTree = "<group>"; };
		9F3E3BEA1EA9D83300220061 /* UIActionSheet+BlockExtension.m */ = {isa = PBXFileReference; fileEncoding = 4; lastKnownFileType = sourcecode.c.objc; path = "UIActionSheet+BlockExtension.m"; sourceTree = "<group>"; };
		9F3E3BEC1EA9D83300220061 /* UIAlertView+BlockExtension.h */ = {isa = PBXFileReference; fileEncoding = 4; lastKnownFileType = sourcecode.c.h; path = "UIAlertView+BlockExtension.h"; sourceTree = "<group>"; };
		9F3E3BED1EA9D83300220061 /* UIAlertView+BlockExtension.m */ = {isa = PBXFileReference; fileEncoding = 4; lastKnownFileType = sourcecode.c.objc; path = "UIAlertView+BlockExtension.m"; sourceTree = "<group>"; };
		9FFBC2341D5B27BE0040B061 /* JKAlertManager.app */ = {isa = PBXFileReference; explicitFileType = wrapper.application; includeInIndex = 0; path = JKAlertManager.app; sourceTree = BUILT_PRODUCTS_DIR; };
		9FFBC2381D5B27BE0040B061 /* main.m */ = {isa = PBXFileReference; lastKnownFileType = sourcecode.c.objc; path = main.m; sourceTree = "<group>"; };
		9FFBC23A1D5B27BE0040B061 /* AppDelegate.h */ = {isa = PBXFileReference; lastKnownFileType = sourcecode.c.h; path = AppDelegate.h; sourceTree = "<group>"; };
		9FFBC23B1D5B27BE0040B061 /* AppDelegate.m */ = {isa = PBXFileReference; lastKnownFileType = sourcecode.c.objc; path = AppDelegate.m; sourceTree = "<group>"; };
		9FFBC23D1D5B27BE0040B061 /* ViewController.h */ = {isa = PBXFileReference; lastKnownFileType = sourcecode.c.h; path = ViewController.h; sourceTree = "<group>"; };
		9FFBC23E1D5B27BE0040B061 /* ViewController.m */ = {isa = PBXFileReference; lastKnownFileType = sourcecode.c.objc; path = ViewController.m; sourceTree = "<group>"; };
		9FFBC2411D5B27BE0040B061 /* Base */ = {isa = PBXFileReference; lastKnownFileType = file.storyboard; name = Base; path = Base.lproj/Main.storyboard; sourceTree = "<group>"; };
		9FFBC2431D5B27BE0040B061 /* Assets.xcassets */ = {isa = PBXFileReference; lastKnownFileType = folder.assetcatalog; path = Assets.xcassets; sourceTree = "<group>"; };
		9FFBC2461D5B27BE0040B061 /* Base */ = {isa = PBXFileReference; lastKnownFileType = file.storyboard; name = Base; path = Base.lproj/LaunchScreen.storyboard; sourceTree = "<group>"; };
		9FFBC2481D5B27BE0040B061 /* Info.plist */ = {isa = PBXFileReference; lastKnownFileType = text.plist.xml; path = Info.plist; sourceTree = "<group>"; };
		ED8F213220EF06A1002FA729 /* libPods-JKAlertManager.a */ = {isa = PBXFileReference; explicitFileType = archive.ar; path = "libPods-JKAlertManager.a"; sourceTree = BUILT_PRODUCTS_DIR; };
		ED8F213420EF0749002FA729 /* libJKAlertManager.a */ = {isa = PBXFileReference; explicitFileType = archive.ar; path = libJKAlertManager.a; sourceTree = BUILT_PRODUCTS_DIR; };
/* End PBXFileReference section */

/* Begin PBXFrameworksBuildPhase section */
		9FFBC2311D5B27BE0040B061 /* Frameworks */ = {
			isa = PBXFrameworksBuildPhase;
			buildActionMask = 2147483647;
			files = (
				ED8F213520EF0749002FA729 /* libJKAlertManager.a in Frameworks */,
			);
			runOnlyForDeploymentPostprocessing = 0;
		};
/* End PBXFrameworksBuildPhase section */

/* Begin PBXGroup section */
		9F140F4EFBEC63C6FD3A77FE /* Pods */ = {
			isa = PBXGroup;
			children = (
				6D491BBDF05D9C14A2829152 /* Pods-JKAlertManager.debug.xcconfig */,
				030D2425F1312A7B94A872A6 /* Pods-JKAlertManager.release.xcconfig */,
			);
			name = Pods;
			sourceTree = "<group>";
		};
		9F3E3BE81EA9D83300220061 /* UIActionSheet+BlockExtension */ = {
			isa = PBXGroup;
			children = (
				9F3E3BE91EA9D83300220061 /* UIActionSheet+BlockExtension.h */,
				9F3E3BEA1EA9D83300220061 /* UIActionSheet+BlockExtension.m */,
			);
			path = "UIActionSheet+BlockExtension";
			sourceTree = "<group>";
		};
		9F3E3BEB1EA9D83300220061 /* UIAlertView+BlockExtension */ = {
			isa = PBXGroup;
			children = (
				9F3E3BEC1EA9D83300220061 /* UIAlertView+BlockExtension.h */,
				9F3E3BED1EA9D83300220061 /* UIAlertView+BlockExtension.m */,
			);
			path = "UIAlertView+BlockExtension";
			sourceTree = "<group>";
		};
		9FFBC22B1D5B27BE0040B061 = {
			isa = PBXGroup;
			children = (
				9FFBC2361D5B27BE0040B061 /* JKAlertManager */,
				9FFBC2351D5B27BE0040B061 /* Products */,
				9F140F4EFBEC63C6FD3A77FE /* Pods */,
				E657FE096384870AF75DA45A /* Frameworks */,
			);
			sourceTree = "<group>";
		};
		9FFBC2351D5B27BE0040B061 /* Products */ = {
			isa = PBXGroup;
			children = (
				9FFBC2341D5B27BE0040B061 /* JKAlertManager.app */,
			);
			name = Products;
			sourceTree = "<group>";
		};
		9FFBC2361D5B27BE0040B061 /* JKAlertManager */ = {
			isa = PBXGroup;
			children = (
				9F3E3BE81EA9D83300220061 /* UIActionSheet+BlockExtension */,
				9F3E3BEB1EA9D83300220061 /* UIAlertView+BlockExtension */,
				9FFBC23A1D5B27BE0040B061 /* AppDelegate.h */,
				9FFBC23B1D5B27BE0040B061 /* AppDelegate.m */,
				9F3E3BDF1EA9D08900220061 /* LaunchViewController.h */,
				9F3E3BE01EA9D08900220061 /* LaunchViewController.m */,
				9FFBC23D1D5B27BE0040B061 /* ViewController.h */,
				9FFBC23E1D5B27BE0040B061 /* ViewController.m */,
				9F3E3BE21EA9D29500220061 /* ReplaceViewController.h */,
				9F3E3BE31EA9D29500220061 /* ReplaceViewController.m */,
				9F3E3BE51EA9D29D00220061 /* BlockViewController.h */,
				9F3E3BE61EA9D29D00220061 /* BlockViewController.m */,
				9FFBC2401D5B27BE0040B061 /* Main.storyboard */,
				9FFBC2431D5B27BE0040B061 /* Assets.xcassets */,
				9FFBC2451D5B27BE0040B061 /* LaunchScreen.storyboard */,
				9FFBC2481D5B27BE0040B061 /* Info.plist */,
				9FFBC2371D5B27BE0040B061 /* Supporting Files */,
			);
			path = JKAlertManager;
			sourceTree = "<group>";
		};
		9FFBC2371D5B27BE0040B061 /* Supporting Files */ = {
			isa = PBXGroup;
			children = (
				9FFBC2381D5B27BE0040B061 /* main.m */,
			);
			name = "Supporting Files";
			sourceTree = "<group>";
		};
		E657FE096384870AF75DA45A /* Frameworks */ = {
			isa = PBXGroup;
			children = (
				ED8F213420EF0749002FA729 /* libJKAlertManager.a */,
				ED8F213220EF06A1002FA729 /* libPods-JKAlertManager.a */,
				38CCB840160D8FF5853730D3 /* libPods-JKAlertManager.a */,
			);
			name = Frameworks;
			sourceTree = "<group>";
		};
/* End PBXGroup section */

/* Begin PBXNativeTarget section */
		9FFBC2331D5B27BE0040B061 /* JKAlertManager */ = {
			isa = PBXNativeTarget;
			buildConfigurationList = 9FFBC24B1D5B27BE0040B061 /* Build configuration list for PBXNativeTarget "JKAlertManager" */;
			buildPhases = (
				1D8042F605049A55DD3B1CE9 /* [CP] Check Pods Manifest.lock */,
				9FFBC2301D5B27BE0040B061 /* Sources */,
				9FFBC2311D5B27BE0040B061 /* Frameworks */,
				9FFBC2321D5B27BE0040B061 /* Resources */,
			);
			buildRules = (
			);
			dependencies = (
			);
			name = JKAlertManager;
			productName = JKAlertManager;
			productReference = 9FFBC2341D5B27BE0040B061 /* JKAlertManager.app */;
			productType = "com.apple.product-type.application";
		};
/* End PBXNativeTarget section */

/* Begin PBXProject section */
		9FFBC22C1D5B27BE0040B061 /* Project object */ = {
			isa = PBXProject;
			attributes = {
				LastUpgradeCheck = 0940;
				ORGANIZATIONNAME = "蒋鹏";
				TargetAttributes = {
					9FFBC2331D5B27BE0040B061 = {
						CreatedOnToolsVersion = 7.3;
						DevelopmentTeam = Y7H6F7S5DJ;
					};
				};
			};
			buildConfigurationList = 9FFBC22F1D5B27BE0040B061 /* Build configuration list for PBXProject "JKAlertManager" */;
			compatibilityVersion = "Xcode 3.2";
			developmentRegion = English;
			hasScannedForEncodings = 0;
			knownRegions = (
				en,
				Base,
			);
			mainGroup = 9FFBC22B1D5B27BE0040B061;
			productRefGroup = 9FFBC2351D5B27BE0040B061 /* Products */;
			projectDirPath = "";
			projectRoot = "";
			targets = (
				9FFBC2331D5B27BE0040B061 /* JKAlertManager */,
			);
		};
/* End PBXProject section */

/* Begin PBXResourcesBuildPhase section */
		9FFBC2321D5B27BE0040B061 /* Resources */ = {
			isa = PBXResourcesBuildPhase;
			buildActionMask = 2147483647;
			files = (
				9FFBC2471D5B27BE0040B061 /* LaunchScreen.storyboard in Resources */,
				9FFBC2441D5B27BE0040B061 /* Assets.xcassets in Resources */,
				9FFBC2421D5B27BE0040B061 /* Main.storyboard in Resources */,
			);
			runOnlyForDeploymentPostprocessing = 0;
		};
/* End PBXResourcesBuildPhase section */

/* Begin PBXShellScriptBuildPhase section */
		1D8042F605049A55DD3B1CE9 /* [CP] Check Pods Manifest.lock */ = {
			isa = PBXShellScriptBuildPhase;
			buildActionMask = 2147483647;
			files = (
			);
			inputPaths = (
				"${PODS_PODFILE_DIR_PATH}/Podfile.lock",
				"${PODS_ROOT}/Manifest.lock",
			);
			name = "[CP] Check Pods Manifest.lock";
			outputPaths = (
				"$(DERIVED_FILE_DIR)/Pods-JKAlertManager-checkManifestLockResult.txt",
			);
			runOnlyForDeploymentPostprocessing = 0;
			shellPath = /bin/sh;
			shellScript = "diff \"${PODS_PODFILE_DIR_PATH}/Podfile.lock\" \"${PODS_ROOT}/Manifest.lock\" > /dev/null\nif [ $? != 0 ] ; then\n    # print error to STDERR\n    echo \"error: The sandbox is not in sync with the Podfile.lock. Run 'pod install' or update your CocoaPods installation.\" >&2\n    exit 1\nfi\n# This output is used by Xcode 'outputs' to avoid re-running this script phase.\necho \"SUCCESS\" > \"${SCRIPT_OUTPUT_FILE_0}\"\n";
			showEnvVarsInLog = 0;
		};
/* End PBXShellScriptBuildPhase section */

/* Begin PBXSourcesBuildPhase section */
		9FFBC2301D5B27BE0040B061 /* Sources */ = {
			isa = PBXSourcesBuildPhase;
			buildActionMask = 2147483647;
			files = (
				9FFBC23F1D5B27BE0040B061 /* ViewController.m in Sources */,
				9F3E3BE41EA9D29500220061 /* ReplaceViewController.m in Sources */,
				9FFBC23C1D5B27BE0040B061 /* AppDelegate.m in Sources */,
				9F3E3BE11EA9D08900220061 /* LaunchViewController.m in Sources */,
				9F3E3BEF1EA9D83300220061 /* UIAlertView+BlockExtension.m in Sources */,
				9F3E3BE71EA9D29D00220061 /* BlockViewController.m in Sources */,
				9F3E3BEE1EA9D83300220061 /* UIActionSheet+BlockExtension.m in Sources */,
				9FFBC2391D5B27BE0040B061 /* main.m in Sources */,
			);
			runOnlyForDeploymentPostprocessing = 0;
		};
/* End PBXSourcesBuildPhase section */

/* Begin PBXVariantGroup section */
		9FFBC2401D5B27BE0040B061 /* Main.storyboard */ = {
			isa = PBXVariantGroup;
			children = (
				9FFBC2411D5B27BE0040B061 /* Base */,
			);
			name = Main.storyboard;
			sourceTree = "<group>";
		};
		9FFBC2451D5B27BE0040B061 /* LaunchScreen.storyboard */ = {
			isa = PBXVariantGroup;
			children = (
				9FFBC2461D5B27BE0040B061 /* Base */,
			);
			name = LaunchScreen.storyboard;
			sourceTree = "<group>";
		};
/* End PBXVariantGroup section */

/* Begin XCBuildConfiguration section */
		9FFBC2491D5B27BE0040B061 /* Debug */ = {
			isa = XCBuildConfiguration;
			buildSettings = {
				ALWAYS_SEARCH_USER_PATHS = NO;
				CLANG_ANALYZER_NONNULL = YES;
				CLANG_CXX_LANGUAGE_STANDARD = "gnu++0x";
				CLANG_CXX_LIBRARY = "libc++";
				CLANG_ENABLE_MODULES = YES;
				CLANG_ENABLE_OBJC_ARC = YES;
				CLANG_WARN_BLOCK_CAPTURE_AUTORELEASING = YES;
				CLANG_WARN_BOOL_CONVERSION = YES;
				CLANG_WARN_COMMA = YES;
				CLANG_WARN_CONSTANT_CONVERSION = YES;
				CLANG_WARN_DEPRECATED_OBJC_IMPLEMENTATIONS = YES;
				CLANG_WARN_DIRECT_OBJC_ISA_USAGE = YES_ERROR;
				CLANG_WARN_EMPTY_BODY = YES;
				CLANG_WARN_ENUM_CONVERSION = YES;
				CLANG_WARN_INFINITE_RECURSION = YES;
				CLANG_WARN_INT_CONVERSION = YES;
				CLANG_WARN_NON_LITERAL_NULL_CONVERSION = YES;
				CLANG_WARN_OBJC_IMPLICIT_RETAIN_SELF = YES;
				CLANG_WARN_OBJC_LITERAL_CONVERSION = YES;
				CLANG_WARN_OBJC_ROOT_CLASS = YES_ERROR;
				CLANG_WARN_RANGE_LOOP_ANALYSIS = YES;
				CLANG_WARN_STRICT_PROTOTYPES = YES;
				CLANG_WARN_SUSPICIOUS_MOVE = YES;
				CLANG_WARN_UNREACHABLE_CODE = YES;
				CLANG_WARN__DUPLICATE_METHOD_MATCH = YES;
				"CODE_SIGN_IDENTITY[sdk=iphoneos*]" = "iPhone Developer";
				COPY_PHASE_STRIP = NO;
				DEBUG_INFORMATION_FORMAT = dwarf;
				ENABLE_STRICT_OBJC_MSGSEND = YES;
				ENABLE_TESTABILITY = YES;
				GCC_C_LANGUAGE_STANDARD = gnu99;
				GCC_DYNAMIC_NO_PIC = NO;
				GCC_NO_COMMON_BLOCKS = YES;
				GCC_OPTIMIZATION_LEVEL = 0;
				GCC_PREPROCESSOR_DEFINITIONS = (
					"DEBUG=1",
					"$(inherited)",
				);
				GCC_WARN_64_TO_32_BIT_CONVERSION = YES;
				GCC_WARN_ABOUT_RETURN_TYPE = YES_ERROR;
				GCC_WARN_UNDECLARED_SELECTOR = YES;
				GCC_WARN_UNINITIALIZED_AUTOS = YES_AGGRESSIVE;
				GCC_WARN_UNUSED_FUNCTION = YES;
				GCC_WARN_UNUSED_VARIABLE = YES;
				IPHONEOS_DEPLOYMENT_TARGET = 8.0;
				MTL_ENABLE_DEBUG_INFO = YES;
				ONLY_ACTIVE_ARCH = YES;
				SDKROOT = iphoneos;
				TARGETED_DEVICE_FAMILY = "1,2";
			};
			name = Debug;
		};
		9FFBC24A1D5B27BE0040B061 /* Release */ = {
			isa = XCBuildConfiguration;
			buildSettings = {
				ALWAYS_SEARCH_USER_PATHS = NO;
				CLANG_ANALYZER_NONNULL = YES;
				CLANG_CXX_LANGUAGE_STANDARD = "gnu++0x";
				CLANG_CXX_LIBRARY = "libc++";
				CLANG_ENABLE_MODULES = YES;
				CLANG_ENABLE_OBJC_ARC = YES;
				CLANG_WARN_BLOCK_CAPTURE_AUTORELEASING = YES;
				CLANG_WARN_BOOL_CONVERSION = YES;
				CLANG_WARN_COMMA = YES;
				CLANG_WARN_CONSTANT_CONVERSION = YES;
				CLANG_WARN_DEPRECATED_OBJC_IMPLEMENTATIONS = YES;
				CLANG_WARN_DIRECT_OBJC_ISA_USAGE = YES_ERROR;
				CLANG_WARN_EMPTY_BODY = YES;
				CLANG_WARN_ENUM_CONVERSION = YES;
				CLANG_WARN_INFINITE_RECURSION = YES;
				CLANG_WARN_INT_CONVERSION = YES;
				CLANG_WARN_NON_LITERAL_NULL_CONVERSION = YES;
				CLANG_WARN_OBJC_IMPLICIT_RETAIN_SELF = YES;
				CLANG_WARN_OBJC_LITERAL_CONVERSION = YES;
				CLANG_WARN_OBJC_ROOT_CLASS = YES_ERROR;
				CLANG_WARN_RANGE_LOOP_ANALYSIS = YES;
				CLANG_WARN_STRICT_PROTOTYPES = YES;
				CLANG_WARN_SUSPICIOUS_MOVE = YES;
				CLANG_WARN_UNREACHABLE_CODE = YES;
				CLANG_WARN__DUPLICATE_METHOD_MATCH = YES;
				"CODE_SIGN_IDENTITY[sdk=iphoneos*]" = "iPhone Developer";
				COPY_PHASE_STRIP = NO;
				DEBUG_INFORMATION_FORMAT = "dwarf-with-dsym";
				ENABLE_NS_ASSERTIONS = NO;
				ENABLE_STRICT_OBJC_MSGSEND = YES;
				GCC_C_LANGUAGE_STANDARD = gnu99;
				GCC_NO_COMMON_BLOCKS = YES;
				GCC_WARN_64_TO_32_BIT_CONVERSION = YES;
				GCC_WARN_ABOUT_RETURN_TYPE = YES_ERROR;
				GCC_WARN_UNDECLARED_SELECTOR = YES;
				GCC_WARN_UNINITIALIZED_AUTOS = YES_AGGRESSIVE;
				GCC_WARN_UNUSED_FUNCTION = YES;
				GCC_WARN_UNUSED_VARIABLE = YES;
				IPHONEOS_DEPLOYMENT_TARGET = 8.0;
				MTL_ENABLE_DEBUG_INFO = NO;
				SDKROOT = iphoneos;
				TARGETED_DEVICE_FAMILY = "1,2";
				VALIDATE_PRODUCT = YES;
			};
			name = Release;
		};
		9FFBC24C1D5B27BE0040B061 /* Debug */ = {
			isa = XCBuildConfiguration;
			baseConfigurationReference = 6D491BBDF05D9C14A2829152 /* Pods-JKAlertManager.debug.xcconfig */;
			buildSettings = {
				ASSETCATALOG_COMPILER_APPICON_NAME = AppIcon;
				CLANG_ANALYZER_NONNULL = YES;
				CODE_SIGN_IDENTITY = "iPhone Developer";
				DEVELOPMENT_TEAM = Y7H6F7S5DJ;
				INFOPLIST_FILE = JKAlertManager/Info.plist;
				IPHONEOS_DEPLOYMENT_TARGET = 8.0;
				LD_RUNPATH_SEARCH_PATHS = "$(inherited) @executable_path/Frameworks";
				OTHER_LDFLAGS = "-ObjC";
				PRODUCT_BUNDLE_IDENTIFIER = com.XiFengLang.JKAlertManager;
				PRODUCT_NAME = "$(TARGET_NAME)";
			};
			name = Debug;
		};
		9FFBC24D1D5B27BE0040B061 /* Release */ = {
			isa = XCBuildConfiguration;
			baseConfigurationReference = 030D2425F1312A7B94A872A6 /* Pods-JKAlertManager.release.xcconfig */;
			buildSettings = {
				ASSETCATALOG_COMPILER_APPICON_NAME = AppIcon;
				CLANG_ANALYZER_NONNULL = YES;
				CODE_SIGN_IDENTITY = "iPhone Developer";
				DEVELOPMENT_TEAM = Y7H6F7S5DJ;
				INFOPLIST_FILE = JKAlertManager/Info.plist;
				IPHONEOS_DEPLOYMENT_TARGET = 8.0;
				LD_RUNPATH_SEARCH_PATHS = "$(inherited) @executable_path/Frameworks";
				OTHER_LDFLAGS = "-ObjC";
				PRODUCT_BUNDLE_IDENTIFIER = com.XiFengLang.JKAlertManager;
				PRODUCT_NAME = "$(TARGET_NAME)";
			};
			name = Release;
		};
/* End XCBuildConfiguration section */

/* Begin XCConfigurationList section */
		9FFBC22F1D5B27BE0040B061 /* Build configuration list for PBXProject "JKAlertManager" */ = {
			isa = XCConfigurationList;
			buildConfigurations = (
				9FFBC2491D5B27BE0040B061 /* Debug */,
				9FFBC24A1D5B27BE0040B061 /* Release */,
			);
			defaultConfigurationIsVisible = 0;
			defaultConfigurationName = Release;
		};
		9FFBC24B1D5B27BE0040B061 /* Build configuration list for PBXNativeTarget "JKAlertManager" */ = {
			isa = XCConfigurationList;
			buildConfigurations = (
				9FFBC24C1D5B27BE0040B061 /* Debug */,
				9FFBC24D1D5B27BE0040B061 /* Release */,
			);
			defaultConfigurationIsVisible = 0;
			defaultConfigurationName = Release;
		};
/* End XCConfigurationList section */
	};
	rootObject = 9FFBC22C1D5B27BE0040B061 /* Project object */;
}
