PODS:
  - JKAlertManager (1.2.1)

DEPENDENCIES:
  - JKAlertManager (~> 1.2.1)

SPEC REPOS:
  https://github.com/cocoapods/specs.git:
    - JKAlertManager

SPEC CHECKSUMS:
  JKAlertManager: 40b1cdafc6820ab7afc58f7c5ae8a6b6dcd73899

PODFILE CHECKSUM: 398b4572aa5351b2fb8cf8ba719e10198e5bf777

COCOAPODS: 1.5.3
